
Microsoft Visual Studio Solution File, Format Version 12.00
# Visual Studio Version 17
VisualStudioVersion = 17.6.33712.159
MinimumVisualStudioVersion = 10.0.40219.1
Project("{FAE04EC0-301F-11D3-BF4B-00C04F79EFBC}") = "HtmxComponents", "HtmxComponents.csproj", "{6669B00D-5025-4BEC-9187-43851568FDEE}"
EndProject
Global
	GlobalSection(SolutionConfigurationPlatforms) = preSolution
		Debug|Any CPU = Debug|Any CPU
		Release|Any CPU = Release|Any CPU
	EndGlobalSection
	GlobalSection(ProjectConfigurationPlatforms) = postSolution
		{6669B00D-5025-4BEC-9187-43851568FDEE}.Debug|Any CPU.ActiveCfg = Debug|Any CPU
		{6669B00D-5025-4BEC-9187-43851568FDEE}.Debug|Any CPU.Build.0 = Debug|Any CPU
		{6669B00D-5025-4BEC-9187-43851568FDEE}.Release|Any CPU.ActiveCfg = Release|Any CPU
		{6669B00D-5025-4BEC-9187-43851568FDEE}.Release|Any CPU.Build.0 = Release|Any CPU
	EndGlobalSection
	GlobalSection(SolutionProperties) = preSolution
		HideSolutionNode = FALSE
	EndGlobalSection
	GlobalSection(ExtensibilityGlobals) = postSolution
		SolutionGuid = {D3283035-1CFD-47B9-B7D0-51B6F7B02910}
	EndGlobalSection
EndGlobal
